Microsoft Visual Studio Solution File, Format Version 12.00
# Visual Studio 15
VisualStudioVersion = 15.0.27130.2027
MinimumVisualStudioVersion = 10.0.40219.1
Project("{FAE04EC0-301F-11D3-BF4B-00C04F79EFBC}") = "DancingGoatMvc", "DancingGoatMvc/DancingGoat.csproj", "{812074DB-E3B1-48B5-89CD-C9BC50B809C1}"
EndProject
Project("{FAE04EC0-301F-11D3-BF4B-00C04F79EFBC}") = "DancingGoatMvc.Tests", "DancingGoatMvc.Tests/DancingGoat.Tests.csproj", "{F77742F9-2FE0-4E67-8A96-EF1C7E052934}"
EndProject
Global
	GlobalSection(SolutionConfigurationPlatforms) = preSolution
		Debug|Any CPU = Debug|Any CPU
		Release|Any CPU = Release|Any CPU
	EndGlobalSection
	GlobalSection(ProjectConfigurationPlatforms) = postSolution
		{812074db-e3b1-48b5-89cd-c9bc50b809c1}.Debug|Any CPU.ActiveCfg = Debug|Any CPU
		{812074db-e3b1-48b5-89cd-c9bc50b809c1}.Debug|Any CPU.Build.0 = Debug|Any CPU
		{812074db-e3b1-48b5-89cd-c9bc50b809c1}.Release|Any CPU.ActiveCfg = Release|Any CPU
		{812074db-e3b1-48b5-89cd-c9bc50b809c1}.Release|Any CPU.Build.0 = Release|Any CPU
		{f77742f9-2fe0-4e67-8a96-ef1c7e052934}.Debug|Any CPU.ActiveCfg = Debug|Any CPU
		{f77742f9-2fe0-4e67-8a96-ef1c7e052934}.Debug|Any CPU.Build.0 = Debug|Any CPU
		{f77742f9-2fe0-4e67-8a96-ef1c7e052934}.Release|Any CPU.ActiveCfg = Release|Any CPU
		{f77742f9-2fe0-4e67-8a96-ef1c7e052934}.Release|Any CPU.Build.0 = Release|Any CPU
	EndGlobalSection
	GlobalSection(SolutionProperties) = preSolution
		HideSolutionNode = FALSE
	EndGlobalSection
	GlobalSection(ExtensibilityGlobals) = postSolution
		SolutionGuid = {DE22D496-6BCA-4D8B-8256-A8DE4998E9F9}
	EndGlobalSection
EndGlobal
